hash: 20be338cb9e4bd87e0e645e6754348ee280d3e7efd9086626fa5dcf1f7f0b9f2
updated: 2017-08-07T10:33:50.020892487+08:00
imports:
- name: github.com/op/go-logging
  version: b2cb9fa56473e98db8caba80237377e83fe44db5
- name: golang.org/x/crypto
  version: 850760c427c516be930bc91280636328f1a62286
  subpackages:
  - acme
  - acme/autocert
- name: golang.org/x/exp
  version: be79676510e5ce293c77bb087cdab4796a461bdb
  subpackages:
  - shiny/driver/gldriver
  - shiny/driver/internal/drawer
  - shiny/driver/internal/errscreen
  - shiny/driver/internal/event
  - shiny/driver/internal/lifecycler
  - shiny/driver/internal/win32
  - shiny/driver/internal/x11key
  - shiny/screen
- name: golang.org/x/image
  version: 426cfd8eeb6e08ab1932954e09e3c2cb2bc6e36d
  subpackages:
  - math/f64
- name: golang.org/x/mobile
  version: 202a52f8eee59fbd0c7471e7a019291bceae2adc
  subpackages:
  - app
  - app/internal/callfn
  - event/key
  - event/lifecycle
  - event/mouse
  - event/paint
  - event/size
  - event/touch
  - geom
  - gl
  - internal/mobileinit
- name: golang.org/x/sys
  version: d8f5ea21b9295e315e612b4bcf4bedea93454d4d
  subpackages:
  - windows
testImports: []
